{
  "name": "@dev-workflow/kit",
  "version": "1.0.0",
  "lockfileVersion": 3,
  "requires": true,
  "packages": {
    "": {
      "name": "@dev-workflow/kit",
      "version": "1.0.0",
      "license": "MIT",
      "bin": {
        "dev-workflow": "bin/init.js"
      },
      "engines": {
        "node": ">=18.0.0"
      }
    }
  }
}
